
Microsoft Visual Studio Solution File, Format Version 12.00
# Visual Studio 14
VisualStudioVersion = 14.0.25420.1
MinimumVisualStudioVersion = 10.0.40219.1
Project("{FAE04EC0-301F-11D3-BF4B-00C04F79EFBC}") = "dormitory management system", "dormitory management system\dormitory management system.csproj", "{C716C251-2416-4380-9761-48BC617B43EE}"
EndProject
Global
	GlobalSection(SolutionConfigurationPlatforms) = preSolution
		Debug|Any CPU = Debug|Any CPU
		Release|Any CPU = Release|Any CPU
	EndGlobalSection
	GlobalSection(ProjectConfigurationPlatforms) = postSolution
		{C716C251-2416-4380-9761-48BC617B43EE}.Debug|Any CPU.ActiveCfg = Debug|Any CPU
		{C716C251-2416-4380-9761-48BC617B43EE}.Debug|Any CPU.Build.0 = Debug|Any CPU
		{C716C251-2416-4380-9761-48BC617B43EE}.Release|Any CPU.ActiveCfg = Release|Any CPU
		{C716C251-2416-4380-9761-48BC617B43EE}.Release|Any CPU.Build.0 = Release|Any CPU
	EndGlobalSection
	GlobalSection(SolutionProperties) = preSolution
		HideSolutionNode = FALSE
	EndGlobalSection
EndGlobal
